
Microsoft Visual Studio Solution File, Format Version 12.00
# Visual Studio Version 16
VisualStudioVersion = 16.0.31624.102
MinimumVisualStudioVersion = 10.0.40219.1
Project("{FAE04EC0-301F-11D3-BF4B-00C04F79EFBC}") = "Лб2,№4", "Лб2,№4\Лб2,№4.csproj", "{19750CBA-C7A4-412A-AFD3-1E9E88EA96D4}"
EndProject
Global
	GlobalSection(SolutionConfigurationPlatforms) = preSolution
		Debug|Any CPU = Debug|Any CPU
		Release|Any CPU = Release|Any CPU
	EndGlobalSection
	GlobalSection(ProjectConfigurationPlatforms) = postSolution
		{19750CBA-C7A4-412A-AFD3-1E9E88EA96D4}.Debug|Any CPU.ActiveCfg = Debug|Any CPU
		{19750CBA-C7A4-412A-AFD3-1E9E88EA96D4}.Debug|Any CPU.Build.0 = Debug|Any CPU
		{19750CBA-C7A4-412A-AFD3-1E9E88EA96D4}.Release|Any CPU.ActiveCfg = Release|Any CPU
		{19750CBA-C7A4-412A-AFD3-1E9E88EA96D4}.Release|Any CPU.Build.0 = Release|Any CPU
	EndGlobalSection
	GlobalSection(SolutionProperties) = preSolution
		HideSolutionNode = FALSE
	EndGlobalSection
	GlobalSection(ExtensibilityGlobals) = postSolution
		SolutionGuid = {A99CC19A-79F4-409D-B6B1-781AC936DB6A}
	EndGlobalSection
EndGlobal
